// !$*UTF8*$!
{
	archiveVersion = 1;
	classes = {
	};
	objectVersion = 50;
	objects = {

/* Begin PBXBuildFile section */
		52215CFE21455E29000B6C9F /* AppDelegate.swift in Sources */ = {isa = PBXBuildFile; fileRef = 52215CFD21455E29000B6C9F /* AppDelegate.swift */; };
		52215D0021455E29000B6C9F /* HomeViewController.swift in Sources */ = {isa = PBXBuildFile; fileRef = 52215CFF21455E29000B6C9F /* HomeViewController.swift */; };
		52215D0221455E29000B6C9F /* CameraViewController.swift in Sources */ = {isa = PBXBuildFile; fileRef = 52215D0121455E29000B6C9F /* CameraViewController.swift */; };
		52215D0521455E29000B6C9F /* Main.storyboard in Resources */ = {isa = PBXBuildFile; fileRef = 52215D0321455E29000B6C9F /* Main.storyboard */; };
		52215D0721455E2A000B6C9F /* Assets.xcassets in Resources */ = {isa = PBXBuildFile; fileRef = 52215D0621455E2A000B6C9F /* Assets.xcassets */; };
		52215D0A21455E2A000B6C9F /* LaunchScreen.storyboard in Resources */ = {isa = PBXBuildFile; fileRef = 52215D0821455E2A000B6C9F /* LaunchScreen.storyboard */; };
		52215D1521455E2A000B6C9F /* smartPricerTests.swift in Sources */ = {isa = PBXBuildFile; fileRef = 52215D1421455E2A000B6C9F /* smartPricerTests.swift */; };
		52215D20214569E4000B6C9F /* CameraRollViewController.swift in Sources */ = {isa = PBXBuildFile; fileRef = 52215D1F214569E4000B6C9F /* CameraRollViewController.swift */; };
/* End PBXBuildFile section */

/* Begin PBXContainerItemProxy section */
		52215D1121455E2A000B6C9F /* PBXContainerItemProxy */ = {
			isa = PBXContainerItemProxy;
			containerPortal = 52215CF221455E29000B6C9F /* Project object */;
			proxyType = 1;
			remoteGlobalIDString = 52215CF921455E29000B6C9F;
			remoteInfo = smartPricer;
		};
/* End PBXContainerItemProxy section */

/* Begin PBXFileReference section */
		52215CFA21455E29000B6C9F /* smartPricer.app */ = {isa = PBXFileReference; explicitFileType = wrapper.application; includeInIndex = 0; path = smartPricer.app; sourceTree = BUILT_PRODUCTS_DIR; };
		52215CFD21455E29000B6C9F /* AppDelegate.swift */ = {isa = PBXFileReference; lastKnownFileType = sourcecode.swift; path = AppDelegate.swift; sourceTree = "<group>"; };
		52215CFF21455E29000B6C9F /* HomeViewController.swift */ = {isa = PBXFileReference; lastKnownFileType = sourcecode.swift; path = HomeViewController.swift; sourceTree = "<group>"; };
		52215D0121455E29000B6C9F /* CameraViewController.swift */ = {isa = PBXFileReference; lastKnownFileType = sourcecode.swift; path = CameraViewController.swift; sourceTree = "<group>"; };
		52215D0421455E29000B6C9F /* Base */ = {isa = PBXFileReference; lastKnownFileType = file.storyboard; name = Base; path = Base.lproj/Main.storyboard; sourceTree = "<group>"; };
		52215D0621455E2A000B6C9F /* Assets.xcassets */ = {isa = PBXFileReference; lastKnownFileType = folder.assetcatalog; path = Assets.xcassets; sourceTree = "<group>"; };
		52215D0921455E2A000B6C9F /* Base */ = {isa = PBXFileReference; lastKnownFileType = file.storyboard; name = Base; path = Base.lproj/LaunchScreen.storyboard; sourceTree = "<group>"; };
		52215D0B21455E2A000B6C9F /* Info.plist */ = {isa = PBXFileReference; lastKnownFileType = text.plist.xml; path = Info.plist; sourceTree = "<group>"; };
		52215D1021455E2A000B6C9F /* smartPricerTests.xctest */ = {isa = PBXFileReference; explicitFileType = wrapper.cfbundle; includeInIndex = 0; path = smartPricerTests.xctest; sourceTree = BUILT_PRODUCTS_DIR; };
		52215D1421455E2A000B6C9F /* smartPricerTests.swift */ = {isa = PBXFileReference; lastKnownFileType = sourcecode.swift; path = smartPricerTests.swift; sourceTree = "<group>"; };
		52215D1621455E2A000B6C9F /* Info.plist */ = {isa = PBXFileReference; lastKnownFileType = text.plist.xml; path = Info.plist; sourceTree = "<group>"; };
		52215D1F214569E4000B6C9F /* CameraRollViewController.swift */ = {isa = PBXFileReference; lastKnownFileType = sourcecode.swift; path = CameraRollViewController.swift; sourceTree = "<group>"; };
/* End PBXFileReference section */

/* Begin PBXFrameworksBuildPhase section */
		52215CF721455E29000B6C9F /* Frameworks */ = {
			isa = PBXFrameworksBuildPhase;
			buildActionMask = 2147483647;
			files = (
			);
			runOnlyForDeploymentPostprocessing = 0;
		};
		52215D0D21455E2A000B6C9F /* Frameworks */ = {
			isa = PBXFrameworksBuildPhase;
			buildActionMask = 2147483647;
			files = (
			);
			runOnlyForDeploymentPostprocessing = 0;
		};
/* End PBXFrameworksBuildPhase section */

/* Begin PBXGroup section */
		52215CF121455E29000B6C9F = {
			isa = PBXGroup;
			children = (
				52215CFC21455E29000B6C9F /* smartPricer */,
				52215D1321455E2A000B6C9F /* smartPricerTests */,
				52215CFB21455E29000B6C9F /* Products */,
			);
			sourceTree = "<group>";
		};
		52215CFB21455E29000B6C9F /* Products */ = {
			isa = PBXGroup;
			children = (
				52215CFA21455E29000B6C9F /* smartPricer.app */,
				52215D1021455E2A000B6C9F /* smartPricerTests.xctest */,
			);
			name = Products;
			sourceTree = "<group>";
		};
		52215CFC21455E29000B6C9F /* smartPricer */ = {
			isa = PBXGroup;
			children = (
				52215CFD21455E29000B6C9F /* AppDelegate.swift */,
				52215CFF21455E29000B6C9F /* HomeViewController.swift */,
				52215D0121455E29000B6C9F /* CameraViewController.swift */,
				52215D1F214569E4000B6C9F /* CameraRollViewController.swift */,
				52215D0321455E29000B6C9F /* Main.storyboard */,
				52215D0621455E2A000B6C9F /* Assets.xcassets */,
				52215D0821455E2A000B6C9F /* LaunchScreen.storyboard */,
				52215D0B21455E2A000B6C9F /* Info.plist */,
			);
			path = smartPricer;
			sourceTree = "<group>";
		};
		52215D1321455E2A000B6C9F /* smartPricerTests */ = {
			isa = PBXGroup;
			children = (
				52215D1421455E2A000B6C9F /* smartPricerTests.swift */,
				52215D1621455E2A000B6C9F /* Info.plist */,
			);
			path = smartPricerTests;
			sourceTree = "<group>";
		};
/* End PBXGroup section */

/* Begin PBXNativeTarget section */
		52215CF921455E29000B6C9F /* smartPricer */ = {
			isa = PBXNativeTarget;
			buildConfigurationList = 52215D1921455E2A000B6C9F /* Build configuration list for PBXNativeTarget "smartPricer" */;
			buildPhases = (
				52215CF621455E29000B6C9F /* Sources */,
				52215CF721455E29000B6C9F /* Frameworks */,
				52215CF821455E29000B6C9F /* Resources */,
			);
			buildRules = (
			);
			dependencies = (
			);
			name = smartPricer;
			productName = smartPricer;
			productReference = 52215CFA21455E29000B6C9F /* smartPricer.app */;
			productType = "com.apple.product-type.application";
		};
		52215D0F21455E2A000B6C9F /* smartPricerTests */ = {
			isa = PBXNativeTarget;
			buildConfigurationList = 52215D1C21455E2A000B6C9F /* Build configuration list for PBXNativeTarget "smartPricerTests" */;
			buildPhases = (
				52215D0C21455E2A000B6C9F /* Sources */,
				52215D0D21455E2A000B6C9F /* Frameworks */,
				52215D0E21455E2A000B6C9F /* Resources */,
			);
			buildRules = (
			);
			dependencies = (
				52215D1221455E2A000B6C9F /* PBXTargetDependency */,
			);
			name = smartPricerTests;
			productName = smartPricerTests;
			productReference = 52215D1021455E2A000B6C9F /* smartPricerTests.xctest */;
			productType = "com.apple.product-type.bundle.unit-test";
		};
/* End PBXNativeTarget section */

/* Begin PBXProject section */
		52215CF221455E29000B6C9F /* Project object */ = {
			isa = PBXProject;
			attributes = {
				LastSwiftUpdateCheck = 0940;
				LastUpgradeCheck = 0940;
				ORGANIZATIONNAME = "Justin Antony";
				TargetAttributes = {
					52215CF921455E29000B6C9F = {
						CreatedOnToolsVersion = 9.4.1;
					};
					52215D0F21455E2A000B6C9F = {
						CreatedOnToolsVersion = 9.4.1;
						TestTargetID = 52215CF921455E29000B6C9F;
					};
				};
			};
			buildConfigurationList = 52215CF521455E29000B6C9F /* Build configuration list for PBXProject "smartPricer" */;
			compatibilityVersion = "Xcode 9.3";
			developmentRegion = en;
			hasScannedForEncodings = 0;
			knownRegions = (
				en,
				Base,
			);
			mainGroup = 52215CF121455E29000B6C9F;
			productRefGroup = 52215CFB21455E29000B6C9F /* Products */;
			projectDirPath = "";
			projectRoot = "";
			targets = (
				52215CF921455E29000B6C9F /* smartPricer */,
				52215D0F21455E2A000B6C9F /* smartPricerTests */,
			);
		};
/* End PBXProject section */

/* Begin PBXResourcesBuildPhase section */
		52215CF821455E29000B6C9F /* Resources */ = {
			isa = PBXResourcesBuildPhase;
			buildActionMask = 2147483647;
			files = (
				52215D0A21455E2A000B6C9F /* LaunchScreen.storyboard in Resources */,
				52215D0721455E2A000B6C9F /* Assets.xcassets in Resources */,
				52215D0521455E29000B6C9F /* Main.storyboard in Resources */,
			);
			runOnlyForDeploymentPostprocessing = 0;
		};
		52215D0E21455E2A000B6C9F /* Resources */ = {
			isa = PBXResourcesBuildPhase;
			buildActionMask = 2147483647;
			files = (
			);
			runOnlyForDeploymentPostprocessing = 0;
		};
/* End PBXResourcesBuildPhase section */

/* Begin PBXSourcesBuildPhase section */
		52215CF621455E29000B6C9F /* Sources */ = {
			isa = PBXSourcesBuildPhase;
			buildActionMask = 2147483647;
			files = (
				52215D0221455E29000B6C9F /* CameraViewController.swift in Sources */,
				52215CFE21455E29000B6C9F /* AppDelegate.swift in Sources */,
				52215D20214569E4000B6C9F /* CameraRollViewController.swift in Sources */,
				52215D0021455E29000B6C9F /* HomeViewController.swift in Sources */,
			);
			runOnlyForDeploymentPostprocessing = 0;
		};
		52215D0C21455E2A000B6C9F /* Sources */ = {
			isa = PBXSourcesBuildPhase;
			buildActionMask = 2147483647;
			files = (
				52215D1521455E2A000B6C9F /* smartPricerTests.swift in Sources */,
			);
			runOnlyForDeploymentPostprocessing = 0;
		};
/* End PBXSourcesBuildPhase section */

/* Begin PBXTargetDependency section */
		52215D1221455E2A000B6C9F /* PBXTargetDependency */ = {
			isa = PBXTargetDependency;
			target = 52215CF921455E29000B6C9F /* smartPricer */;
			targetProxy = 52215D1121455E2A000B6C9F /* PBXContainerItemProxy */;
		};
/* End PBXTargetDependency section */

/* Begin PBXVariantGroup section */
		52215D0321455E29000B6C9F /* Main.storyboard */ = {
			isa = PBXVariantGroup;
			children = (
				52215D0421455E29000B6C9F /* Base */,
			);
			name = Main.storyboard;
			sourceTree = "<group>";
		};
		52215D0821455E2A000B6C9F /* LaunchScreen.storyboard */ = {
			isa = PBXVariantGroup;
			children = (
				52215D0921455E2A000B6C9F /* Base */,
			);
			name = LaunchScreen.storyboard;
			sourceTree = "<group>";
		};
/* End PBXVariantGroup section */

/* Begin XCBuildConfiguration section */
		52215D1721455E2A000B6C9F /* Debug */ = {
			isa = XCBuildConfiguration;
			buildSettings = {
				ALWAYS_SEARCH_USER_PATHS = NO;
				CLANG_ANALYZER_NONNULL = YES;
				CLANG_ANALYZER_NUMBER_OBJECT_CONVERSION = YES_AGGRESSIVE;
				CLANG_CXX_LANGUAGE_STANDARD = "gnu++14";
				CLANG_CXX_LIBRARY = "libc++";
				CLANG_ENABLE_MODULES = YES;
				CLANG_ENABLE_OBJC_ARC = YES;
				CLANG_ENABLE_OBJC_WEAK = YES;
				CLANG_WARN_BLOCK_CAPTURE_AUTORELEASING = YES;
				CLANG_WARN_BOOL_CONVERSION = YES;
				CLANG_WARN_COMMA = YES;
				CLANG_WARN_CONSTANT_CONVERSION = YES;
				CLANG_WARN_DEPRECATED_OBJC_IMPLEMENTATIONS = YES;
				CLANG_WARN_DIRECT_OBJC_ISA_USAGE = YES_ERROR;
				CLANG_WARN_DOCUMENTATION_COMMENTS = YES;
				CLANG_WARN_EMPTY_BODY = YES;
				CLANG_WARN_ENUM_CONVERSION = YES;
				CLANG_WARN_INFINITE_RECURSION = YES;
				CLANG_WARN_INT_CONVERSION = YES;
				CLANG_WARN_NON_LITERAL_NULL_CONVERSION = YES;
				CLANG_WARN_OBJC_IMPLICIT_RETAIN_SELF = YES;
				CLANG_WARN_OBJC_LITERAL_CONVERSION = YES;
				CLANG_WARN_OBJC_ROOT_CLASS = YES_ERROR;
				CLANG_WARN_RANGE_LOOP_ANALYSIS = YES;
				CLANG_WARN_STRICT_PROTOTYPES = YES;
				CLANG_WARN_SUSPICIOUS_MOVE = YES;
				CLANG_WARN_UNGUARDED_AVAILABILITY = YES_AGGRESSIVE;
				CLANG_WARN_UNREACHABLE_CODE = YES;
				CLANG_WARN__DUPLICATE_METHOD_MATCH = YES;
				CODE_SIGN_IDENTITY = "iPhone Developer";
				COPY_PHASE_STRIP = NO;
				DEBUG_INFORMATION_FORMAT = dwarf;
				ENABLE_STRICT_OBJC_MSGSEND = YES;
				ENABLE_TESTABILITY = YES;
				GCC_C_LANGUAGE_STANDARD = gnu11;
				GCC_DYNAMIC_NO_PIC = NO;
				GCC_NO_COMMON_BLOCKS = YES;
				GCC_OPTIMIZATION_LEVEL = 0;
				GCC_PREPROCESSOR_DEFINITIONS = (
					"DEBUG=1",
					"$(inherited)",
				);
				GCC_WARN_64_TO_32_BIT_CONVERSION = YES;
				GCC_WARN_ABOUT_RETURN_TYPE = YES_ERROR;
				GCC_WARN_UNDECLARED_SELECTOR = YES;
				GCC_WARN_UNINITIALIZED_AUTOS = YES_AGGRESSIVE;
				GCC_WARN_UNUSED_FUNCTION = YES;
				GCC_WARN_UNUSED_VARIABLE = YES;
				IPHONEOS_DEPLOYMENT_TARGET = 11.4;
				MTL_ENABLE_DEBUG_INFO = YES;
				ONLY_ACTIVE_ARCH = YES;
				SDKROOT = iphoneos;
				SWIFT_ACTIVE_COMPILATION_CONDITIONS = DEBUG;
				SWIFT_OPTIMIZATION_LEVEL = "-Onone";
			};
			name = Debug;
		};
		52215D1821455E2A000B6C9F /* Release */ = {
			isa = XCBuildConfiguration;
			buildSettings = {
				ALWAYS_SEARCH_USER_PATHS = NO;
				CLANG_ANALYZER_NONNULL = YES;
				CLANG_ANALYZER_NUMBER_OBJECT_CONVERSION = YES_AGGRESSIVE;
				CLANG_CXX_LANGUAGE_STANDARD = "gnu++14";
				CLANG_CXX_LIBRARY = "libc++";
				CLANG_ENABLE_MODULES = YES;
				CLANG_ENABLE_OBJC_ARC = YES;
				CLANG_ENABLE_OBJC_WEAK = YES;
				CLANG_WARN_BLOCK_CAPTURE_AUTORELEASING = YES;
				CLANG_WARN_BOOL_CONVERSION = YES;
				CLANG_WARN_COMMA = YES;
				CLANG_WARN_CONSTANT_CONVERSION = YES;
				CLANG_WARN_DEPRECATED_OBJC_IMPLEMENTATIONS = YES;
				CLANG_WARN_DIRECT_OBJC_ISA_USAGE = YES_ERROR;
				CLANG_WARN_DOCUMENTATION_COMMENTS = YES;
				CLANG_WARN_EMPTY_BODY = YES;
				CLANG_WARN_ENUM_CONVERSION = YES;
				CLANG_WARN_INFINITE_RECURSION = YES;
				CLANG_WARN_INT_CONVERSION = YES;
				CLANG_WARN_NON_LITERAL_NULL_CONVERSION = YES;
				CLANG_WARN_OBJC_IMPLICIT_RETAIN_SELF = YES;
				CLANG_WARN_OBJC_LITERAL_CONVERSION = YES;
				CLANG_WARN_OBJC_ROOT_CLASS = YES_ERROR;
				CLANG_WARN_RANGE_LOOP_ANALYSIS = YES;
				CLANG_WARN_STRICT_PROTOTYPES = YES;
				CLANG_WARN_SUSPICIOUS_MOVE = YES;
				CLANG_WARN_UNGUARDED_AVAILABILITY = YES_AGGRESSIVE;
				CLANG_WARN_UNREACHABLE_CODE = YES;
				CLANG_WARN__DUPLICATE_METHOD_MATCH = YES;
				CODE_SIGN_IDENTITY = "iPhone Developer";
				COPY_PHASE_STRIP = NO;
				DEBUG_INFORMATION_FORMAT = "dwarf-with-dsym";
				ENABLE_NS_ASSERTIONS = NO;
				ENABLE_STRICT_OBJC_MSGSEND = YES;
				GCC_C_LANGUAGE_STANDARD = gnu11;
				GCC_NO_COMMON_BLOCKS = YES;
				GCC_WARN_64_TO_32_BIT_CONVERSION = YES;
				GCC_WARN_ABOUT_RETURN_TYPE = YES_ERROR;
				GCC_WARN_UNDECLARED_SELECTOR = YES;
				GCC_WARN_UNINITIALIZED_AUTOS = YES_AGGRESSIVE;
				GCC_WARN_UNUSED_FUNCTION = YES;
				GCC_WARN_UNUSED_VARIABLE = YES;
				IPHONEOS_DEPLOYMENT_TARGET = 11.4;
				MTL_ENABLE_DEBUG_INFO = NO;
				SDKROOT = iphoneos;
				SWIFT_COMPILATION_MODE = wholemodule;
				SWIFT_OPTIMIZATION_LEVEL = "-O";
				VALIDATE_PRODUCT = YES;
			};
			name = Release;
		};
		52215D1A21455E2A000B6C9F /* Debug */ = {
			isa = XCBuildConfiguration;
			buildSettings = {
				ASSETCATALOG_COMPILER_APPICON_NAME = AppIcon;
				CODE_SIGN_STYLE = Automatic;
				DEVELOPMENT_TEAM = Y8BH8DHA47;
				INFOPLIST_FILE = smartPricer/Info.plist;
				LD_RUNPATH_SEARCH_PATHS = (
					"$(inherited)",
					"@executable_path/Frameworks",
				);
				PRODUCT_BUNDLE_IDENTIFIER = com.example.smartPricer;
				PRODUCT_NAME = "$(TARGET_NAME)";
				SWIFT_VERSION = 4.0;
				TARGETED_DEVICE_FAMILY = 1;
			};
			name = Debug;
		};
		52215D1B21455E2A000B6C9F /* Release */ = {
			isa = XCBuildConfiguration;
			buildSettings = {
				ASSETCATALOG_COMPILER_APPICON_NAME = AppIcon;
				CODE_SIGN_STYLE = Automatic;
				DEVELOPMENT_TEAM = Y8BH8DHA47;
				INFOPLIST_FILE = smartPricer/Info.plist;
				LD_RUNPATH_SEARCH_PATHS = (
					"$(inherited)",
					"@executable_path/Frameworks",
				);
				PRODUCT_BUNDLE_IDENTIFIER = com.example.smartPricer;
				PRODUCT_NAME = "$(TARGET_NAME)";
				SWIFT_VERSION = 4.0;
				TARGETED_DEVICE_FAMILY = 1;
			};
			name = Release;
		};
		52215D1D21455E2A000B6C9F /* Debug */ = {
			isa = XCBuildConfiguration;
			buildSettings = {
				ALWAYS_EMBED_SWIFT_STANDARD_LIBRARIES = YES;
				BUNDLE_LOADER = "$(TEST_HOST)";
				CODE_SIGN_STYLE = Automatic;
				DEVELOPMENT_TEAM = Y8BH8DHA47;
				INFOPLIST_FILE = smartPricerTests/Info.plist;
				LD_RUNPATH_SEARCH_PATHS = (
					"$(inherited)",
					"@executable_path/Frameworks",
					"@loader_path/Frameworks",
				);
				PRODUCT_BUNDLE_IDENTIFIER = com.example.smartPricerTests;
				PRODUCT_NAME = "$(TARGET_NAME)";
				SWIFT_VERSION = 4.0;
				TARGETED_DEVICE_FAMILY = "1,2";
				TEST_HOST = "$(BUILT_PRODUCTS_DIR)/smartPricer.app/smartPricer";
			};
			name = Debug;
		};
		52215D1E21455E2A000B6C9F /* Release */ = {
			isa = XCBuildConfiguration;
			buildSettings = {
				ALWAYS_EMBED_SWIFT_STANDARD_LIBRARIES = YES;
				BUNDLE_LOADER = "$(TEST_HOST)";
				CODE_SIGN_STYLE = Automatic;
				DEVELOPMENT_TEAM = Y8BH8DHA47;
				INFOPLIST_FILE = smartPricerTests/Info.plist;
				LD_RUNPATH_SEARCH_PATHS = (
					"$(inherited)",
					"@executable_path/Frameworks",
					"@loader_path/Frameworks",
				);
				PRODUCT_BUNDLE_IDENTIFIER = com.example.smartPricerTests;
				PRODUCT_NAME = "$(TARGET_NAME)";
				SWIFT_VERSION = 4.0;
				TARGETED_DEVICE_FAMILY = "1,2";
				TEST_HOST = "$(BUILT_PRODUCTS_DIR)/smartPricer.app/smartPricer";
			};
			name = Release;
		};
/* End XCBuildConfiguration section */

/* Begin XCConfigurationList section */
		52215CF521455E29000B6C9F /* Build configuration list for PBXProject "smartPricer" */ = {
			isa = XCConfigurationList;
			buildConfigurations = (
				52215D1721455E2A000B6C9F /* Debug */,
				52215D1821455E2A000B6C9F /* Release */,
			);
			defaultConfigurationIsVisible = 0;
			defaultConfigurationName = Release;
		};
		52215D1921455E2A000B6C9F /* Build configuration list for PBXNativeTarget "smartPricer" */ = {
			isa = XCConfigurationList;
			buildConfigurations = (
				52215D1A21455E2A000B6C9F /* Debug */,
				52215D1B21455E2A000B6C9F /* Release */,
			);
			defaultConfigurationIsVisible = 0;
			defaultConfigurationName = Release;
		};
		52215D1C21455E2A000B6C9F /* Build configuration list for PBXNativeTarget "smartPricerTests" */ = {
			isa = XCConfigurationList;
			buildConfigurations = (
				52215D1D21455E2A000B6C9F /* Debug */,
				52215D1E21455E2A000B6C9F /* Release */,
			);
			defaultConfigurationIsVisible = 0;
			defaultConfigurationName = Release;
		};
/* End XCConfigurationList section */
	};
	rootObject = 52215CF221455E29000B6C9F /* Project object */;
}
